{
  "nodes": {
    "catppuccin-fuzzel": {
      "flake": false,
      "locked": {
        "lastModified": 1730302879,
        "narHash": "sha256-XpItMGsYq4XvLT+7OJ9YRILfd/9RG1GMuO6J4hSGepg=",
        "owner": "catppuccin",
        "repo": "fuzzel",
        "rev": "0af0e26901b60ada4b20522df739f032797b07c3",
        "type": "github"
      },
      "original": {
        "owner": "catppuccin",
        "repo": "fuzzel",
        "type": "github"
      }
    },
    "catppuccin-waybar": {
      "flake": false,
      "locked": {
        "lastModified": 1720870206,
        "narHash": "sha256-za0y6hcN2rvN6Xjf31xLRe4PP0YyHu2i454ZPjr+lWA=",
        "owner": "catppuccin",
        "repo": "waybar",
        "rev": "ee8ed32b4f63e9c417249c109818dcc05a2e25da",
        "type": "github"
      },
      "original": {
        "owner": "catppuccin",
        "repo": "waybar",
        "type": "github"
      }
    },
    "home-manager": {
      "inputs": {
        "nixpkgs": [
          "nixpkgs"
        ]
      },
      "locked": {
        "lastModified": 1766292113,
        "narHash": "sha256-sWTtmkQujRpjWYCnZc8LWdDiCzrRlSBPrGovkZpLkBI=",
        "owner": "nix-community",
        "repo": "home-manager",
        "rev": "fdec8815a86db36f42fc9c8cb2931cd8485f5aed",
        "type": "github"
      },
      "original": {
        "owner": "nix-community",
        "ref": "release-25.11",
        "repo": "home-manager",
        "type": "github"
      }
    },
    "niri": {
      "inputs": {
        "niri-stable": "niri-stable",
        "niri-unstable": "niri-unstable",
        "nixpkgs": [
          "nixpkgs"
        ],
        "nixpkgs-stable": "nixpkgs-stable",
        "xwayland-satellite-stable": "xwayland-satellite-stable",
        "xwayland-satellite-unstable": "xwayland-satellite-unstable"
      },
      "locked": {
        "lastModified": 1766476201,
        "narHash": "sha256-lR4K1qtOg9RQYL+Gq19FMXBn3VpDOmRRMFGCqrgVfKs=",
        "owner": "sodiboo",
        "repo": "niri-flake",
        "rev": "fca6fc926ffa519c1b69350fce6f54debc92991a",
        "type": "github"
      },
      "original": {
        "owner": "sodiboo",
        "repo": "niri-flake",
        "type": "github"
      }
    },
    "niri-stable": {
      "flake": false,
      "locked": {
        "lastModified": 1756556321,
        "narHash": "sha256-RLD89dfjN0RVO86C/Mot0T7aduCygPGaYbog566F0Qo=",
        "owner": "YaLTeR",
        "repo": "niri",
        "rev": "01be0e65f4eb91a9cd624ac0b76aaeab765c7294",
        "type": "github"
      },
      "original": {
        "owner": "YaLTeR",
        "ref": "v25.08",
        "repo": "niri",
        "type": "github"
      }
    },
    "niri-unstable": {
      "flake": false,
      "locked": {
        "lastModified": 1766469114,
        "narHash": "sha256-B5/tCx0IB+asb9IykRFatUH8KBtKENuemQVJCvHu4SU=",
        "owner": "YaLTeR",
        "repo": "niri",
        "rev": "396097c3ab67a5482a9d7614992c2c603c90e313",
        "type": "github"
      },
      "original": {
        "owner": "YaLTeR",
        "repo": "niri",
        "type": "github"
      }
    },
    "nix-flatpak": {
      "locked": {
        "lastModified": 1739444422,
        "narHash": "sha256-iAVVHi7X3kWORftY+LVbRiStRnQEob2TULWyjMS6dWg=",
        "owner": "gmodena",
        "repo": "nix-flatpak",
        "rev": "5e54c3ca05a7c7d968ae1ddeabe01d2a9bc1e177",
        "type": "github"
      },
      "original": {
        "owner": "gmodena",
        "ref": "latest",
        "repo": "nix-flatpak",
        "type": "github"
      }
    },
    "nixpkgs": {
      "locked": {
        "lastModified": 1766201043,
        "narHash": "sha256-eplAP+rorKKd0gNjV3rA6+0WMzb1X1i16F5m5pASnjA=",
        "owner": "NixOS",
        "repo": "nixpkgs",
        "rev": "b3aad468604d3e488d627c0b43984eb60e75e782",
        "type": "github"
      },
      "original": {
        "owner": "NixOS",
        "ref": "nixos-25.11",
        "repo": "nixpkgs",
        "type": "github"
      }
    },
    "nixpkgs-stable": {
      "locked": {
        "lastModified": 1766201043,
        "narHash": "sha256-eplAP+rorKKd0gNjV3rA6+0WMzb1X1i16F5m5pASnjA=",
        "owner": "NixOS",
        "repo": "nixpkgs",
        "rev": "b3aad468604d3e488d627c0b43984eb60e75e782",
        "type": "github"
      },
      "original": {
        "owner": "NixOS",
        "ref": "nixos-25.11",
        "repo": "nixpkgs",
        "type": "github"
      }
    },
    "quickshell": {
      "inputs": {
        "nixpkgs": [
          "nixpkgs"
        ]
      },
      "locked": {
        "lastModified": 1766386896,
        "narHash": "sha256-1uql4y229Rh+/2da99OVNe6DfsjObukXkf60TYRCvhI=",
        "owner": "quickshell-mirror",
        "repo": "quickshell",
        "rev": "3918290c1bcd93ed81291844d9f1ed146672dbfc",
        "type": "github"
      },
      "original": {
        "owner": "quickshell-mirror",
        "repo": "quickshell",
        "type": "github"
      }
    },
    "root": {
      "inputs": {
        "catppuccin-fuzzel": "catppuccin-fuzzel",
        "catppuccin-waybar": "catppuccin-waybar",
        "home-manager": "home-manager",
        "niri": "niri",
        "nix-flatpak": "nix-flatpak",
        "nixpkgs": "nixpkgs",
        "quickshell": "quickshell"
      }
    },
    "xwayland-satellite-stable": {
      "flake": false,
      "locked": {
        "lastModified": 1755491097,
        "narHash": "sha256-m+9tUfsmBeF2Gn4HWa6vSITZ4Gz1eA1F5Kh62B0N4oE=",
        "owner": "Supreeeme",
        "repo": "xwayland-satellite",
        "rev": "388d291e82ffbc73be18169d39470f340707edaa",
        "type": "github"
      },
      "original": {
        "owner": "Supreeeme",
        "ref": "v0.7",
        "repo": "xwayland-satellite",
        "type": "github"
      }
    },
    "xwayland-satellite-unstable": {
      "flake": false,
      "locked": {
        "lastModified": 1766429945,
        "narHash": "sha256-9Kv4gWagx/u4RfZJzBMAoagW9ava5waxd+XoTkzqF7E=",
        "owner": "Supreeeme",
        "repo": "xwayland-satellite",
        "rev": "0dde7ca1d3a8e8c5082533d76084e2aa02bef70e",
        "type": "github"
      },
      "original": {
        "owner": "Supreeeme",
        "repo": "xwayland-satellite",
        "type": "github"
      }
    }
  },
  "root": "root",
  "version": 7
}
